// !$*UTF8*$!
{
	archiveVersion = 1;
	classes = {
	};
	objectVersion = 77;
	objects = {

/* Begin PBXContainerItemProxy section */
		BBAA2A2F2D786C7800C87AB4 /* PBXContainerItemProxy */ = {
			isa = PBXContainerItemProxy;
			containerPortal = BBAA2A102D786C7600C87AB4 /* Project object */;
			proxyType = 1;
			remoteGlobalIDString = BBAA2A172D786C7600C87AB4;
			remoteInfo = MissionTableView;
		};
		BBAA2A392D786C7800C87AB4 /* PBXContainerItemProxy */ = {
			isa = PBXContainerItemProxy;
			containerPortal = BBAA2A102D786C7600C87AB4 /* Project object */;
			proxyType = 1;
			remoteGlobalIDString = BBAA2A172D786C7600C87AB4;
			remoteInfo = MissionTableView;
		};
/* End PBXContainerItemProxy section */

/* Begin PBXFileReference section */
		BBAA2A182D786C7600C87AB4 /* MissionTableView.app */ = {isa = PBXFileReference; explicitFileType = wrapper.application; includeInIndex = 0; path = MissionTableView.app; sourceTree = BUILT_PRODUCTS_DIR; };
		BBAA2A2E2D786C7800C87AB4 /* MissionTableViewTests.xctest */ = {isa = PBXFileReference; explicitFileType = wrapper.cfbundle; includeInIndex = 0; path = MissionTableViewTests.xctest; sourceTree = BUILT_PRODUCTS_DIR; };
		BBAA2A382D786C7800C87AB4 /* MissionTableViewUITests.xctest */ = {isa = PBXFileReference; explicitFileType = wrapper.cfbundle; includeInIndex = 0; path = MissionTableViewUITests.xctest; sourceTree = BUILT_PRODUCTS_DIR; };
/* End PBXFileReference section */

/* Begin PBXFileSystemSynchronizedBuildFileExceptionSet section */
		BBAA2A402D786C7800C87AB4 /* Exceptions for "MissionTableView" folder in "MissionTableView" target */ = {
			isa = PBXFileSystemSynchronizedBuildFileExceptionSet;
			membershipExceptions = (
				Info.plist,
			);
			target = BBAA2A172D786C7600C87AB4 /* MissionTableView */;
		};
/* End PBXFileSystemSynchronizedBuildFileExceptionSet section */

/* Begin PBXFileSystemSynchronizedRootGroup section */
		BBAA2A1A2D786C7600C87AB4 /* MissionTableView */ = {
			isa = PBXFileSystemSynchronizedRootGroup;
			exceptions = (
				BBAA2A402D786C7800C87AB4 /* Exceptions for "MissionTableView" folder in "MissionTableView" target */,
			);
			path = MissionTableView;
			sourceTree = "<group>";
		};
		BBAA2A312D786C7800C87AB4 /* MissionTableViewTests */ = {
			isa = PBXFileSystemSynchronizedRootGroup;
			path = MissionTableViewTests;
			sourceTree = "<group>";
		};
		BBAA2A3B2D786C7800C87AB4 /* MissionTableViewUITests */ = {
			isa = PBXFileSystemSynchronizedRootGroup;
			path = MissionTableViewUITests;
			sourceTree = "<group>";
		};
/* End PBXFileSystemSynchronizedRootGroup section */

/* Begin PBXFrameworksBuildPhase section */
		BBAA2A152D786C7600C87AB4 /* Frameworks */ = {
			isa = PBXFrameworksBuildPhase;
			buildActionMask = 2147483647;
			files = (
			);
			runOnlyForDeploymentPostprocessing = 0;
		};
		BBAA2A2B2D786C7800C87AB4 /* Frameworks */ = {
			isa = PBXFrameworksBuildPhase;
			buildActionMask = 2147483647;
			files = (
			);
			runOnlyForDeploymentPostprocessing = 0;
		};
		BBAA2A352D786C7800C87AB4 /* Frameworks */ = {
			isa = PBXFrameworksBuildPhase;
			buildActionMask = 2147483647;
			files = (
			);
			runOnlyForDeploymentPostprocessing = 0;
		};
/* End PBXFrameworksBuildPhase section */

/* Begin PBXGroup section */
		BBAA2A0F2D786C7600C87AB4 = {
			isa = PBXGroup;
			children = (
				BBAA2A1A2D786C7600C87AB4 /* MissionTableView */,
				BBAA2A312D786C7800C87AB4 /* MissionTableViewTests */,
				BBAA2A3B2D786C7800C87AB4 /* MissionTableViewUITests */,
				BBAA2A192D786C7600C87AB4 /* Products */,
			);
			sourceTree = "<group>";
		};
		BBAA2A192D786C7600C87AB4 /* Products */ = {
			isa = PBXGroup;
			children = (
				BBAA2A182D786C7600C87AB4 /* MissionTableView.app */,
				BBAA2A2E2D786C7800C87AB4 /* MissionTableViewTests.xctest */,
				BBAA2A382D786C7800C87AB4 /* MissionTableViewUITests.xctest */,
			);
			name = Products;
			sourceTree = "<group>";
		};
/* End PBXGroup section */

/* Begin PBXNativeTarget section */
		BBAA2A172D786C7600C87AB4 /* MissionTableView */ = {
			isa = PBXNativeTarget;
			buildConfigurationList = BBAA2A412D786C7800C87AB4 /* Build configuration list for PBXNativeTarget "MissionTableView" */;
			buildPhases = (
				BBAA2A142D786C7600C87AB4 /* Sources */,
				BBAA2A152D786C7600C87AB4 /* Frameworks */,
				BBAA2A162D786C7600C87AB4 /* Resources */,
			);
			buildRules = (
			);
			dependencies = (
			);
			fileSystemSynchronizedGroups = (
				BBAA2A1A2D786C7600C87AB4 /* MissionTableView */,
			);
			name = MissionTableView;
			packageProductDependencies = (
			);
			productName = MissionTableView;
			productReference = BBAA2A182D786C7600C87AB4 /* MissionTableView.app */;
			productType = "com.apple.product-type.application";
		};
		BBAA2A2D2D786C7800C87AB4 /* MissionTableViewTests */ = {
			isa = PBXNativeTarget;
			buildConfigurationList = BBAA2A462D786C7800C87AB4 /* Build configuration list for PBXNativeTarget "MissionTableViewTests" */;
			buildPhases = (
				BBAA2A2A2D786C7800C87AB4 /* Sources */,
				BBAA2A2B2D786C7800C87AB4 /* Frameworks */,
				BBAA2A2C2D786C7800C87AB4 /* Resources */,
			);
			buildRules = (
			);
			dependencies = (
				BBAA2A302D786C7800C87AB4 /* PBXTargetDependency */,
			);
			fileSystemSynchronizedGroups = (
				BBAA2A312D786C7800C87AB4 /* MissionTableViewTests */,
			);
			name = MissionTableViewTests;
			packageProductDependencies = (
			);
			productName = MissionTableViewTests;
			productReference = BBAA2A2E2D786C7800C87AB4 /* MissionTableViewTests.xctest */;
			productType = "com.apple.product-type.bundle.unit-test";
		};
		BBAA2A372D786C7800C87AB4 /* MissionTableViewUITests */ = {
			isa = PBXNativeTarget;
			buildConfigurationList = BBAA2A492D786C7800C87AB4 /* Build configuration list for PBXNativeTarget "MissionTableViewUITests" */;
			buildPhases = (
				BBAA2A342D786C7800C87AB4 /* Sources */,
				BBAA2A352D786C7800C87AB4 /* Frameworks */,
				BBAA2A362D786C7800C87AB4 /* Resources */,
			);
			buildRules = (
			);
			dependencies = (
				BBAA2A3A2D786C7800C87AB4 /* PBXTargetDependency */,
			);
			fileSystemSynchronizedGroups = (
				BBAA2A3B2D786C7800C87AB4 /* MissionTableViewUITests */,
			);
			name = MissionTableViewUITests;
			packageProductDependencies = (
			);
			productName = MissionTableViewUITests;
			productReference = BBAA2A382D786C7800C87AB4 /* MissionTableViewUITests.xctest */;
			productType = "com.apple.product-type.bundle.ui-testing";
		};
/* End PBXNativeTarget section */

/* Begin PBXProject section */
		BBAA2A102D786C7600C87AB4 /* Project object */ = {
			isa = PBXProject;
			attributes = {
				BuildIndependentTargetsInParallel = 1;
				LastSwiftUpdateCheck = 1620;
				LastUpgradeCheck = 1620;
				TargetAttributes = {
					BBAA2A172D786C7600C87AB4 = {
						CreatedOnToolsVersion = 16.2;
					};
					BBAA2A2D2D786C7800C87AB4 = {
						CreatedOnToolsVersion = 16.2;
						TestTargetID = BBAA2A172D786C7600C87AB4;
					};
					BBAA2A372D786C7800C87AB4 = {
						CreatedOnToolsVersion = 16.2;
						TestTargetID = BBAA2A172D786C7600C87AB4;
					};
				};
			};
			buildConfigurationList = BBAA2A132D786C7600C87AB4 /* Build configuration list for PBXProject "MissionTableView" */;
			developmentRegion = en;
			hasScannedForEncodings = 0;
			knownRegions = (
				en,
				Base,
			);
			mainGroup = BBAA2A0F2D786C7600C87AB4;
			minimizedProjectReferenceProxies = 1;
			preferredProjectObjectVersion = 77;
			productRefGroup = BBAA2A192D786C7600C87AB4 /* Products */;
			projectDirPath = "";
			projectRoot = "";
			targets = (
				BBAA2A172D786C7600C87AB4 /* MissionTableView */,
				BBAA2A2D2D786C7800C87AB4 /* MissionTableViewTests */,
				BBAA2A372D786C7800C87AB4 /* MissionTableViewUITests */,
			);
		};
/* End PBXProject section */

/* Begin PBXResourcesBuildPhase section */
		BBAA2A162D786C7600C87AB4 /* Resources */ = {
			isa = PBXResourcesBuildPhase;
			buildActionMask = 2147483647;
			files = (
			);
			runOnlyForDeploymentPostprocessing = 0;
		};
		BBAA2A2C2D786C7800C87AB4 /* Resources */ = {
			isa = PBXResourcesBuildPhase;
			buildActionMask = 2147483647;
			files = (
			);
			runOnlyForDeploymentPostprocessing = 0;
		};
		BBAA2A362D786C7800C87AB4 /* Resources */ = {
			isa = PBXResourcesBuildPhase;
			buildActionMask = 2147483647;
			files = (
			);
			runOnlyForDeploymentPostprocessing = 0;
		};
/* End PBXResourcesBuildPhase section */

/* Begin PBXSourcesBuildPhase section */
		BBAA2A142D786C7600C87AB4 /* Sources */ = {
			isa = PBXSourcesBuildPhase;
			buildActionMask = 2147483647;
			files = (
			);
			runOnlyForDeploymentPostprocessing = 0;
		};
		BBAA2A2A2D786C7800C87AB4 /* Sources */ = {
			isa = PBXSourcesBuildPhase;
			buildActionMask = 2147483647;
			files = (
			);
			runOnlyForDeploymentPostprocessing = 0;
		};
		BBAA2A342D786C7800C87AB4 /* Sources */ = {
			isa = PBXSourcesBuildPhase;
			buildActionMask = 2147483647;
			files = (
			);
			runOnlyForDeploymentPostprocessing = 0;
		};
/* End PBXSourcesBuildPhase section */

/* Begin PBXTargetDependency section */
		BBAA2A302D786C7800C87AB4 /* PBXTargetDependency */ = {
			isa = PBXTargetDependency;
			target = BBAA2A172D786C7600C87AB4 /* MissionTableView */;
			targetProxy = BBAA2A2F2D786C7800C87AB4 /* PBXContainerItemProxy */;
		};
		BBAA2A3A2D786C7800C87AB4 /* PBXTargetDependency */ = {
			isa = PBXTargetDependency;
			target = BBAA2A172D786C7600C87AB4 /* MissionTableView */;
			targetProxy = BBAA2A392D786C7800C87AB4 /* PBXContainerItemProxy */;
		};
/* End PBXTargetDependency section */

/* Begin XCBuildConfiguration section */
		BBAA2A422D786C7800C87AB4 /* Debug */ = {
			isa = XCBuildConfiguration;
			buildSettings = {
				ASSETCATALOG_COMPILER_APPICON_NAME = AppIcon;
				ASSETCATALOG_COMPILER_GLOBAL_ACCENT_COLOR_NAME = AccentColor;
				CODE_SIGN_STYLE = Automatic;
				CURRENT_PROJECT_VERSION = 1;
				GENERATE_INFOPLIST_FILE = YES;
				INFOPLIST_FILE = MissionTableView/Info.plist;
				INFOPLIST_KEY_UIApplicationSupportsIndirectInputEvents = YES;
				INFOPLIST_KEY_UILaunchStoryboardName = LaunchScreen;
				INFOPLIST_KEY_UIMainStoryboardFile = Main;
				INFOPLIST_KEY_UISupportedInterfaceOrientations_iPad = "UIInterfaceOrientationPortrait UIInterfaceOrientationPortraitUpsideDown UIInterfaceOrientationLandscapeLeft UIInterfaceOrientationLandscapeRight";
				INFOPLIST_KEY_UISupportedInterfaceOrientations_iPhone = "UIInterfaceOrientationPortrait UIInterfaceOrientationLandscapeLeft UIInterfaceOrientationLandscapeRight";
				LD_RUNPATH_SEARCH_PATHS = (
					"$(inherited)",
					"@executable_path/Frameworks",
				);
				MARKETING_VERSION = 1.0;
				PRODUCT_BUNDLE_IDENTIFIER = com.example.MissionTableView;
				PRODUCT_NAME = "$(TARGET_NAME)";
				SWIFT_EMIT_LOC_STRINGS = YES;
				SWIFT_VERSION = 5.0;
				TARGETED_DEVICE_FAMILY = "1,2";
			};
			name = Debug;
		};
		BBAA2A432D786C7800C87AB4 /* Release */ = {
			isa = XCBuildConfiguration;
			buildSettings = {
				ASSETCATALOG_COMPILER_APPICON_NAME = AppIcon;
				ASSETCATALOG_COMPILER_GLOBAL_ACCENT_COLOR_NAME = AccentColor;
				CODE_SIGN_STYLE = Automatic;
				CURRENT_PROJECT_VERSION = 1;
				GENERATE_INFOPLIST_FILE = YES;
				INFOPLIST_FILE = MissionTableView/Info.plist;
				INFOPLIST_KEY_UIApplicationSupportsIndirectInputEvents = YES;
				INFOPLIST_KEY_UILaunchStoryboardName = LaunchScreen;
				INFOPLIST_KEY_UIMainStoryboardFile = Main;
				INFOPLIST_KEY_UISupportedInterfaceOrientations_iPad = "UIInterfaceOrientationPortrait UIInterfaceOrientationPortraitUpsideDown UIInterfaceOrientationLandscapeLeft UIInterfaceOrientationLandscapeRight";
				INFOPLIST_KEY_UISupportedInterfaceOrientations_iPhone = "UIInterfaceOrientationPortrait UIInterfaceOrientationLandscapeLeft UIInterfaceOrientationLandscapeRight";
				LD_RUNPATH_SEARCH_PATHS = (
					"$(inherited)",
					"@executable_path/Frameworks",
				);
				MARKETING_VERSION = 1.0;
				PRODUCT_BUNDLE_IDENTIFIER = com.example.MissionTableView;
				PRODUCT_NAME = "$(TARGET_NAME)";
				SWIFT_EMIT_LOC_STRINGS = YES;
				SWIFT_VERSION = 5.0;
				TARGETED_DEVICE_FAMILY = "1,2";
			};
			name = Release;
		};
		BBAA2A442D786C7800C87AB4 /* Debug */ = {
			isa = XCBuildConfiguration;
			buildSettings = {
				ALWAYS_SEARCH_USER_PATHS = NO;
				ASSETCATALOG_COMPILER_GENERATE_SWIFT_ASSET_SYMBOL_EXTENSIONS = YES;
				CLANG_ANALYZER_NONNULL = YES;
				CLANG_ANALYZER_NUMBER_OBJECT_CONVERSION = YES_AGGRESSIVE;
				CLANG_CXX_LANGUAGE_STANDARD = "gnu++20";
				CLANG_ENABLE_MODULES = YES;
				CLANG_ENABLE_OBJC_ARC = YES;
				CLANG_ENABLE_OBJC_WEAK = YES;
				CLANG_WARN_BLOCK_CAPTURE_AUTORELEASING = YES;
				CLANG_WARN_BOOL_CONVERSION = YES;
				CLANG_WARN_COMMA = YES;
				CLANG_WARN_CONSTANT_CONVERSION = YES;
				CLANG_WARN_DEPRECATED_OBJC_IMPLEMENTATIONS = YES;
				CLANG_WARN_DIRECT_OBJC_ISA_USAGE = YES_ERROR;
				CLANG_WARN_DOCUMENTATION_COMMENTS = YES;
				CLANG_WARN_EMPTY_BODY = YES;
				CLANG_WARN_ENUM_CONVERSION = YES;
				CLANG_WARN_INFINITE_RECURSION = YES;
				CLANG_WARN_INT_CONVERSION = YES;
				CLANG_WARN_NON_LITERAL_NULL_CONVERSION = YES;
				CLANG_WARN_OBJC_IMPLICIT_RETAIN_SELF = YES;
				CLANG_WARN_OBJC_LITERAL_CONVERSION = YES;
				CLANG_WARN_OBJC_ROOT_CLASS = YES_ERROR;
				CLANG_WARN_QUOTED_INCLUDE_IN_FRAMEWORK_HEADER = YES;
				CLANG_WARN_RANGE_LOOP_ANALYSIS = YES;
				CLANG_WARN_STRICT_PROTOTYPES = YES;
				CLANG_WARN_SUSPICIOUS_MOVE = YES;
				CLANG_WARN_UNGUARDED_AVAILABILITY = YES_AGGRESSIVE;
				CLANG_WARN_UNREACHABLE_CODE = YES;
				CLANG_WARN__DUPLICATE_METHOD_MATCH = YES;
				COPY_PHASE_STRIP = NO;
				DEBUG_INFORMATION_FORMAT = dwarf;
				ENABLE_STRICT_OBJC_MSGSEND = YES;
				ENABLE_TESTABILITY = YES;
				ENABLE_USER_SCRIPT_SANDBOXING = YES;
				GCC_C_LANGUAGE_STANDARD = gnu17;
				GCC_DYNAMIC_NO_PIC = NO;
				GCC_NO_COMMON_BLOCKS = YES;
				GCC_OPTIMIZATION_LEVEL = 0;
				GCC_PREPROCESSOR_DEFINITIONS = (
					"DEBUG=1",
					"$(inherited)",
				);
				GCC_WARN_64_TO_32_BIT_CONVERSION = YES;
				GCC_WARN_ABOUT_RETURN_TYPE = YES_ERROR;
				GCC_WARN_UNDECLARED_SELECTOR = YES;
				GCC_WARN_UNINITIALIZED_AUTOS = YES_AGGRESSIVE;
				GCC_WARN_UNUSED_FUNCTION = YES;
				GCC_WARN_UNUSED_VARIABLE = YES;
				IPHONEOS_DEPLOYMENT_TARGET = 18.2;
				LOCALIZATION_PREFERS_STRING_CATALOGS = YES;
				MTL_ENABLE_DEBUG_INFO = INCLUDE_SOURCE;
				MTL_FAST_MATH = YES;
				ONLY_ACTIVE_ARCH = YES;
				SDKROOT = iphoneos;
				SWIFT_ACTIVE_COMPILATION_CONDITIONS = "DEBUG $(inherited)";
				SWIFT_OPTIMIZATION_LEVEL = "-Onone";
			};
			name = Debug;
		};
		BBAA2A452D786C7800C87AB4 /* Release */ = {
			isa = XCBuildConfiguration;
			buildSettings = {
				ALWAYS_SEARCH_USER_PATHS = NO;
				ASSETCATALOG_COMPILER_GENERATE_SWIFT_ASSET_SYMBOL_EXTENSIONS = YES;
				CLANG_ANALYZER_NONNULL = YES;
				CLANG_ANALYZER_NUMBER_OBJECT_CONVERSION = YES_AGGRESSIVE;
				CLANG_CXX_LANGUAGE_STANDARD = "gnu++20";
				CLANG_ENABLE_MODULES = YES;
				CLANG_ENABLE_OBJC_ARC = YES;
				CLANG_ENABLE_OBJC_WEAK = YES;
				CLANG_WARN_BLOCK_CAPTURE_AUTORELEASING = YES;
				CLANG_WARN_BOOL_CONVERSION = YES;
				CLANG_WARN_COMMA = YES;
				CLANG_WARN_CONSTANT_CONVERSION = YES;
				CLANG_WARN_DEPRECATED_OBJC_IMPLEMENTATIONS = YES;
				CLANG_WARN_DIRECT_OBJC_ISA_USAGE = YES_ERROR;
				CLANG_WARN_DOCUMENTATION_COMMENTS = YES;
				CLANG_WARN_EMPTY_BODY = YES;
				CLANG_WARN_ENUM_CONVERSION = YES;
				CLANG_WARN_INFINITE_RECURSION = YES;
				CLANG_WARN_INT_CONVERSION = YES;
				CLANG_WARN_NON_LITERAL_NULL_CONVERSION = YES;
				CLANG_WARN_OBJC_IMPLICIT_RETAIN_SELF = YES;
				CLANG_WARN_OBJC_LITERAL_CONVERSION = YES;
				CLANG_WARN_OBJC_ROOT_CLASS = YES_ERROR;
				CLANG_WARN_QUOTED_INCLUDE_IN_FRAMEWORK_HEADER = YES;
				CLANG_WARN_RANGE_LOOP_ANALYSIS = YES;
				CLANG_WARN_STRICT_PROTOTYPES = YES;
				CLANG_WARN_SUSPICIOUS_MOVE = YES;
				CLANG_WARN_UNGUARDED_AVAILABILITY = YES_AGGRESSIVE;
				CLANG_WARN_UNREACHABLE_CODE = YES;
				CLANG_WARN__DUPLICATE_METHOD_MATCH = YES;
				COPY_PHASE_STRIP = NO;
				DEBUG_INFORMATION_FORMAT = "dwarf-with-dsym";
				ENABLE_NS_ASSERTIONS = NO;
				ENABLE_STRICT_OBJC_MSGSEND = YES;
				ENABLE_USER_SCRIPT_SANDBOXING = YES;
				GCC_C_LANGUAGE_STANDARD = gnu17;
				GCC_NO_COMMON_BLOCKS = YES;
				GCC_WARN_64_TO_32_BIT_CONVERSION = YES;
				GCC_WARN_ABOUT_RETURN_TYPE = YES_ERROR;
				GCC_WARN_UNDECLARED_SELECTOR = YES;
				GCC_WARN_UNINITIALIZED_AUTOS = YES_AGGRESSIVE;
				GCC_WARN_UNUSED_FUNCTION = YES;
				GCC_WARN_UNUSED_VARIABLE = YES;
				IPHONEOS_DEPLOYMENT_TARGET = 18.2;
				LOCALIZATION_PREFERS_STRING_CATALOGS = YES;
				MTL_ENABLE_DEBUG_INFO = NO;
				MTL_FAST_MATH = YES;
				SDKROOT = iphoneos;
				SWIFT_COMPILATION_MODE = wholemodule;
				VALIDATE_PRODUCT = YES;
			};
			name = Release;
		};
		BBAA2A472D786C7800C87AB4 /* Debug */ = {
			isa = XCBuildConfiguration;
			buildSettings = {
				BUNDLE_LOADER = "$(TEST_HOST)";
				CODE_SIGN_STYLE = Automatic;
				CURRENT_PROJECT_VERSION = 1;
				GENERATE_INFOPLIST_FILE = YES;
				IPHONEOS_DEPLOYMENT_TARGET = 18.2;
				MARKETING_VERSION = 1.0;
				PRODUCT_BUNDLE_IDENTIFIER = com.example.MissionTableViewTests;
				PRODUCT_NAME = "$(TARGET_NAME)";
				SWIFT_EMIT_LOC_STRINGS = NO;
				SWIFT_VERSION = 5.0;
				TARGETED_DEVICE_FAMILY = "1,2";
				TEST_HOST = "$(BUILT_PRODUCTS_DIR)/MissionTableView.app/$(BUNDLE_EXECUTABLE_FOLDER_PATH)/MissionTableView";
			};
			name = Debug;
		};
		BBAA2A482D786C7800C87AB4 /* Release */ = {
			isa = XCBuildConfiguration;
			buildSettings = {
				BUNDLE_LOADER = "$(TEST_HOST)";
				CODE_SIGN_STYLE = Automatic;
				CURRENT_PROJECT_VERSION = 1;
				GENERATE_INFOPLIST_FILE = YES;
				IPHONEOS_DEPLOYMENT_TARGET = 18.2;
				MARKETING_VERSION = 1.0;
				PRODUCT_BUNDLE_IDENTIFIER = com.example.MissionTableViewTests;
				PRODUCT_NAME = "$(TARGET_NAME)";
				SWIFT_EMIT_LOC_STRINGS = NO;
				SWIFT_VERSION = 5.0;
				TARGETED_DEVICE_FAMILY = "1,2";
				TEST_HOST = "$(BUILT_PRODUCTS_DIR)/MissionTableView.app/$(BUNDLE_EXECUTABLE_FOLDER_PATH)/MissionTableView";
			};
			name = Release;
		};
		BBAA2A4A2D786C7800C87AB4 /* Debug */ = {
			isa = XCBuildConfiguration;
			buildSettings = {
				CODE_SIGN_STYLE = Automatic;
				CURRENT_PROJECT_VERSION = 1;
				GENERATE_INFOPLIST_FILE = YES;
				MARKETING_VERSION = 1.0;
				PRODUCT_BUNDLE_IDENTIFIER = com.example.MissionTableViewUITests;
				PRODUCT_NAME = "$(TARGET_NAME)";
				SWIFT_EMIT_LOC_STRINGS = NO;
				SWIFT_VERSION = 5.0;
				TARGETED_DEVICE_FAMILY = "1,2";
				TEST_TARGET_NAME = MissionTableView;
			};
			name = Debug;
		};
		BBAA2A4B2D786C7800C87AB4 /* Release */ = {
			isa = XCBuildConfiguration;
			buildSettings = {
				CODE_SIGN_STYLE = Automatic;
				CURRENT_PROJECT_VERSION = 1;
				GENERATE_INFOPLIST_FILE = YES;
				MARKETING_VERSION = 1.0;
				PRODUCT_BUNDLE_IDENTIFIER = com.example.MissionTableViewUITests;
				PRODUCT_NAME = "$(TARGET_NAME)";
				SWIFT_EMIT_LOC_STRINGS = NO;
				SWIFT_VERSION = 5.0;
				TARGETED_DEVICE_FAMILY = "1,2";
				TEST_TARGET_NAME = MissionTableView;
			};
			name = Release;
		};
/* End XCBuildConfiguration section */

/* Begin XCConfigurationList section */
		BBAA2A132D786C7600C87AB4 /* Build configuration list for PBXProject "MissionTableView" */ = {
			isa = XCConfigurationList;
			buildConfigurations = (
				BBAA2A442D786C7800C87AB4 /* Debug */,
				BBAA2A452D786C7800C87AB4 /* Release */,
			);
			defaultConfigurationIsVisible = 0;
			defaultConfigurationName = Release;
		};
		BBAA2A412D786C7800C87AB4 /* Build configuration list for PBXNativeTarget "MissionTableView" */ = {
			isa = XCConfigurationList;
			buildConfigurations = (
				BBAA2A422D786C7800C87AB4 /* Debug */,
				BBAA2A432D786C7800C87AB4 /* Release */,
			);
			defaultConfigurationIsVisible = 0;
			defaultConfigurationName = Release;
		};
		BBAA2A462D786C7800C87AB4 /* Build configuration list for PBXNativeTarget "MissionTableViewTests" */ = {
			isa = XCConfigurationList;
			buildConfigurations = (
				BBAA2A472D786C7800C87AB4 /* Debug */,
				BBAA2A482D786C7800C87AB4 /* Release */,
			);
			defaultConfigurationIsVisible = 0;
			defaultConfigurationName = Release;
		};
		BBAA2A492D786C7800C87AB4 /* Build configuration list for PBXNativeTarget "MissionTableViewUITests" */ = {
			isa = XCConfigurationList;
			buildConfigurations = (
				BBAA2A4A2D786C7800C87AB4 /* Debug */,
				BBAA2A4B2D786C7800C87AB4 /* Release */,
			);
			defaultConfigurationIsVisible = 0;
			defaultConfigurationName = Release;
		};
/* End XCConfigurationList section */
	};
	rootObject = BBAA2A102D786C7600C87AB4 /* Project object */;
}
